
Microsoft Visual Studio Solution File, Format Version 12.00
# Visual Studio 14
VisualStudioVersion = 14.0.24720.0
MinimumVisualStudioVersion = 10.0.40219.1
Project("{FAE04EC0-301F-11D3-BF4B-00C04F79EFBC}") = "ScheduledTasks", "ScheduledTasks\ScheduledTasks.csproj", "{FD8EEFD4-E285-4078-B729-8284EB0CABC0}"
EndProject
Project("{FAE04EC0-301F-11D3-BF4B-00C04F79EFBC}") = "ScheduledTasks.Tests", "ScheduledTasks.Tests\ScheduledTasks.Tests.csproj", "{88FC225D-717C-45BE-95A1-8AE883607E9C}"
EndProject
Global
	GlobalSection(SolutionConfigurationPlatforms) = preSolution
		Debug|Any CPU = Debug|Any CPU
		Release|Any CPU = Release|Any CPU
	EndGlobalSection
	GlobalSection(ProjectConfigurationPlatforms) = postSolution
		{FD8EEFD4-E285-4078-B729-8284EB0CABC0}.Debug|Any CPU.ActiveCfg = Debug|Any CPU
		{FD8EEFD4-E285-4078-B729-8284EB0CABC0}.Debug|Any CPU.Build.0 = Debug|Any CPU
		{FD8EEFD4-E285-4078-B729-8284EB0CABC0}.Release|Any CPU.ActiveCfg = Release|Any CPU
		{FD8EEFD4-E285-4078-B729-8284EB0CABC0}.Release|Any CPU.Build.0 = Release|Any CPU
		{88FC225D-717C-45BE-95A1-8AE883607E9C}.Debug|Any CPU.ActiveCfg = Debug|Any CPU
		{88FC225D-717C-45BE-95A1-8AE883607E9C}.Debug|Any CPU.Build.0 = Debug|Any CPU
		{88FC225D-717C-45BE-95A1-8AE883607E9C}.Release|Any CPU.ActiveCfg = Release|Any CPU
		{88FC225D-717C-45BE-95A1-8AE883607E9C}.Release|Any CPU.Build.0 = Release|Any CPU
	EndGlobalSection
	GlobalSection(SolutionProperties) = preSolution
		HideSolutionNode = FALSE
	EndGlobalSection
EndGlobal
